#MicroXplorer Configuration settings - do not modify
Mcu.Family=STM32F4
TIM10.Prescaler=15
ProjectManager.MainLocation=Core/Src
VP_TIM10_VS_ClockSourceINT.Signal=TIM10_VS_ClockSourceINT
SH.S_TIM4_CH2.ConfNb=1
ProjectManager.ProjectFileName=SolarPanel.ioc
RCC.CortexFreq_Value=16000000
ProjectManager.KeepUserCode=true
Mcu.UserName=STM32F411CEUx
Mcu.PinsNb=17
ProjectManager.NoMain=false
ADC1.SamplingTime-16\#ChannelRegularConversion=ADC_SAMPLETIME_480CYCLES
SH.ADCx_IN6.0=ADC1_IN6,IN6
PC13-ANTI_TAMP.GPIO_Label=LD1
ADC1.Channel-17\#ChannelRegularConversion=ADC_CHANNEL_7
TIM1.IPParameters=Channel-PWM Generation3 CH3,Prescaler,Period
ADC1.IPParameters=Rank-15\#ChannelRegularConversion,master,Channel-15\#ChannelRegularConversion,SamplingTime-15\#ChannelRegularConversion,NbrOfConversionFlag,Rank-16\#ChannelRegularConversion,Channel-16\#ChannelRegularConversion,SamplingTime-16\#ChannelRegularConversion,Rank-17\#ChannelRegularConversion,Channel-17\#ChannelRegularConversion,SamplingTime-17\#ChannelRegularConversion,Rank-18\#ChannelRegularConversion,Channel-18\#ChannelRegularConversion,SamplingTime-18\#ChannelRegularConversion,NbrOfConversion,Rank-19\#ChannelRegularConversion,Channel-19\#ChannelRegularConversion,SamplingTime-19\#ChannelRegularConversion
RCC.PLLCLKFreq_Value=96000000
RCC.PLLQCLKFreq_Value=48000000
ADC1.Rank-18\#ChannelRegularConversion=4
ADC1.Rank-17\#ChannelRegularConversion=3
ProjectManager.functionlistsort=1-MX_GPIO_Init-GPIO-false-HAL-true,2-SystemClock_Config-RCC-false-HAL-false,3-MX_ADC1_Init-ADC1-false-HAL-true,4-MX_TIM1_Init-TIM1-false-HAL-true,5-MX_TIM4_Init-TIM4-false-HAL-true,6-MX_TIM10_Init-TIM10-false-HAL-true,7-MX_TIM2_Init-TIM2-false-HAL-true
SH.GPXTI0.ConfNb=1
RCC.RTCFreq_Value=32000
ProjectManager.DefaultFWLocation=true
SH.S_TIM10_CH1.ConfNb=1
ProjectManager.DeletePrevious=true
SH.S_TIM1_CH3.ConfNb=1
PinOutPanel.RotationAngle=0
PA0-WKUP.GPIO_ModeDefaultEXTI=GPIO_MODE_IT_FALLING
RCC.FamilyName=M
ProjectManager.StackSize=0x400
PA0-WKUP.GPIO_Label=BT1
PA0-WKUP.Signal=GPXTI0
PA0-WKUP.Locked=true
PA13.Signal=SYS_JTMS-SWDIO
Mcu.IP4=TIM1
Mcu.IP5=TIM2
NVIC.SVCall_IRQn=true\:0\:0\:false\:false\:true\:false\:false
Mcu.IP2=RCC
Mcu.IP3=SYS
Mcu.IP0=ADC1
Mcu.IP1=NVIC
TIM1.Prescaler=15
Mcu.UserConstants=
VP_TIM4_VS_ClockSourceINT.Signal=TIM4_VS_ClockSourceINT
ProjectManager.TargetToolchain=STM32CubeIDE
TIM4.IPParameters=Channel-PWM Generation2 CH2,Prescaler,Period
SH.ADCx_IN7.0=ADC1_IN7,IN7
Mcu.ThirdPartyNb=0
ADC1.Channel-18\#ChannelRegularConversion=ADC_CHANNEL_6
Mcu.IPNb=8
RCC.I2SClocksFreq_Value=96000000
TIM2.IPParameters=Prescaler,Period
ProjectManager.PreviousToolchain=
VP_TIM1_VS_ClockSourceINT.Signal=TIM1_VS_ClockSourceINT
VP_TIM10_VS_ClockSourceINT.Mode=Enable_Timer
RCC.VcooutputI2S=96000000
SH.ADCx_IN7.ConfNb=1
RCC.VCOInputMFreq_Value=1000000
Mcu.Pin6=PB1
Mcu.Pin7=PA10
VP_TIM2_VS_ClockSourceINT.Signal=TIM2_VS_ClockSourceINT
ProjectManager.RegisterCallBack=
Mcu.Pin8=PA13
Mcu.Pin9=PA14
TIM4.Prescaler=15
RCC.LSE_VALUE=32768
RCC.AHBFreq_Value=16000000
Mcu.Pin0=PC13-ANTI_TAMP
Mcu.Pin1=PA0-WKUP
GPIO.groupedBy=Group By Peripherals
Mcu.Pin2=PA5
Mcu.Pin3=PA6
PA0-WKUP.GPIOParameters=GPIO_PuPd,GPIO_Label,GPIO_ModeDefaultEXTI
Mcu.Pin4=PA7
RCC.VCOI2SOutputFreq_Value=192000000
Mcu.Pin5=PB0
PA5.Signal=ADCx_IN5
ProjectManager.ProjectBuild=false
NVIC.TIM1_TRG_COM_TIM11_IRQn=true\:10\:0\:true\:false\:true\:true\:true
RCC.HSE_VALUE=25000000
NVIC.UsageFault_IRQn=true\:0\:0\:false\:false\:true\:false\:false
NVIC.DebugMonitor_IRQn=true\:0\:0\:false\:false\:true\:false\:false
board=custom
PC13-ANTI_TAMP.Signal=GPIO_Output
RCC.VCOOutputFreq_Value=192000000
TIM10.Channel=TIM_CHANNEL_1
PC13-ANTI_TAMP.Locked=true
NVIC.SysTick_IRQn=true\:0\:0\:false\:false\:true\:false\:true
ProjectManager.LastFirmware=true
TIM10.Period=19999
ProjectManager.FirmwarePackage=STM32Cube FW_F4 V1.26.2
MxDb.Version=DB.6.0.21
TIM4.Channel-PWM\ Generation2\ CH2=TIM_CHANNEL_2
RCC.APB2Freq_Value=16000000
ProjectManager.BackupPrevious=false
MxCube.Version=6.2.1
RCC.VCOInputFreq_Value=1000000
ADC1.Channel-19\#ChannelRegularConversion=ADC_CHANNEL_5
VP_TIM2_VS_ClockSourceINT.Mode=Internal
PA14.Mode=Serial_Wire
ADC1.Rank-19\#ChannelRegularConversion=5
NVIC.TIM2_IRQn=true\:0\:0\:false\:false\:true\:true\:true
File.Version=6
VP_SYS_VS_Systick.Mode=SysTick
SH.ADCx_IN8.0=ADC1_IN8,IN8
SH.S_TIM4_CH2.0=TIM4_CH2,PWM Generation2 CH2
PB7.Signal=S_TIM4_CH2
ADC1.Channel-16\#ChannelRegularConversion=ADC_CHANNEL_8
NVIC.NonMaskableInt_IRQn=true\:0\:0\:false\:false\:true\:false\:false
NVIC.PendSV_IRQn=true\:0\:0\:false\:false\:true\:false\:false
TIM2.Period=999
TIM4.Period=19999
SH.ADCx_IN8.ConfNb=1
SH.ADCx_IN6.ConfNb=1
ADC1.NbrOfConversion=5
PA13.Mode=Serial_Wire
ProjectManager.FreePins=false
ADC1.Channel-15\#ChannelRegularConversion=ADC_CHANNEL_9
RCC.IPParameters=AHBFreq_Value,APB1Freq_Value,APB2Freq_Value,CortexFreq_Value,FamilyName,HSE_VALUE,HSI_VALUE,I2SClocksFreq_Value,LSE_VALUE,LSI_VALUE,PLLCLKFreq_Value,PLLQCLKFreq_Value,RTCFreq_Value,RTCHSEDivFreq_Value,SYSCLKFreq_VALUE,VCOI2SOutputFreq_Value,VCOInputFreq_Value,VCOInputMFreq_Value,VCOOutputFreq_Value,VcooutputI2S
ProjectManager.AskForMigrate=true
Mcu.Name=STM32F411C(C-E)Ux
ProjectManager.HalAssertFull=false
VP_TIM1_VS_ClockSourceINT.Mode=Internal
RCC.RTCHSEDivFreq_Value=12500000
ProjectManager.ProjectName=SolarPanel
ProjectManager.UnderRoot=true
ADC1.Rank-15\#ChannelRegularConversion=1
Mcu.IP6=TIM4
Mcu.IP7=TIM10
ProjectManager.CoupleFile=true
NVIC.EXTI0_IRQn=true\:2\:0\:true\:false\:true\:true\:true
RCC.SYSCLKFreq_VALUE=16000000
ADC1.Rank-16\#ChannelRegularConversion=2
Mcu.Package=UFQFPN48
TIM2.Prescaler=15999
PA6.Signal=ADCx_IN6
PB1.Signal=ADCx_IN9
ADC1.master=1
NVIC.ForceEnableDMAVector=true
KeepUserPlacement=false
SH.S_TIM10_CH1.0=TIM10_CH1,PWM Generation1 CH1
NVIC.MemoryManagement_IRQn=true\:0\:0\:false\:false\:true\:false\:false
ProjectManager.CompilerOptimize=6
ProjectManager.ToolChainLocation=
RCC.LSI_VALUE=32000
VP_SYS_VS_Systick.Signal=SYS_VS_Systick
SH.GPXTI0.0=GPIO_EXTI0
PA10.Signal=S_TIM1_CH3
PA14.Signal=SYS_JTCK-SWCLK
ProjectManager.HeapSize=0x200
Mcu.Pin15=VP_TIM4_VS_ClockSourceINT
NVIC.HardFault_IRQn=true\:0\:0\:false\:false\:true\:false\:false
Mcu.Pin16=VP_TIM10_VS_ClockSourceINT
Mcu.Pin13=VP_TIM1_VS_ClockSourceINT
ADC1.SamplingTime-17\#ChannelRegularConversion=ADC_SAMPLETIME_480CYCLES
SH.S_TIM1_CH3.0=TIM1_CH3,PWM Generation3 CH3
Mcu.Pin14=VP_TIM2_VS_ClockSourceINT
SH.ADCx_IN9.0=ADC1_IN9,IN9
NVIC.TIM1_UP_TIM10_IRQn=true\:10\:0\:true\:false\:true\:true\:true
ProjectManager.ComputerToolchain=false
RCC.HSI_VALUE=16000000
SH.ADCx_IN5.0=ADC1_IN5,IN5
VP_TIM4_VS_ClockSourceINT.Mode=Internal
NVIC.PriorityGroup=NVIC_PRIORITYGROUP_4
ADC1.NbrOfConversionFlag=1
Mcu.Pin11=PB8
Mcu.Pin12=VP_SYS_VS_Systick
ADC1.SamplingTime-15\#ChannelRegularConversion=ADC_SAMPLETIME_480CYCLES
Mcu.Pin10=PB7
PB8.Signal=S_TIM10_CH1
PA0-WKUP.GPIO_PuPd=GPIO_PULLUP
NVIC.BusFault_IRQn=true\:0\:0\:false\:false\:true\:false\:false
SH.ADCx_IN5.ConfNb=1
SH.ADCx_IN9.ConfNb=1
TIM1.Period=19999
TIM1.Channel-PWM\ Generation3\ CH3=TIM_CHANNEL_3
NVIC.TIM4_IRQn=true\:10\:0\:true\:false\:true\:true\:true
RCC.APB1Freq_Value=16000000
TIM10.IPParameters=Channel,Prescaler,Period
PB0.Signal=ADCx_IN8
ADC1.SamplingTime-18\#ChannelRegularConversion=ADC_SAMPLETIME_480CYCLES
ProjectManager.CustomerFirmwarePackage=
ProjectManager.DeviceId=STM32F411CEUx
ProjectManager.LibraryCopy=1
ADC1.SamplingTime-19\#ChannelRegularConversion=ADC_SAMPLETIME_480CYCLES
PA7.Signal=ADCx_IN7
PC13-ANTI_TAMP.GPIOParameters=GPIO_Label
isbadioc=false
